
Microsoft Visual Studio Solution File, Format Version 12.00
# Visual Studio 2013
VisualStudioVersion = 12.0.21005.1
MinimumVisualStudioVersion = 10.0.40219.1
Project("{FAE04EC0-301F-11D3-BF4B-00C04F79EFBC}") = "O4ZI.DataAccess", "DataAccess\O4ZI.DataAccess.csproj", "{7EC21729-08C3-4876-A2C8-D85FB219127E}"
EndProject
Project("{2150E333-8FDC-42A3-9474-1A3956D46DE8}") = "1 - Infrastructure Layer", "1 - Infrastructure Layer", "{ED1BE22D-A609-4FEE-BA38-D28F525D6929}"
EndProject
Project("{2150E333-8FDC-42A3-9474-1A3956D46DE8}") = "2 - Domain Layer", "2 - Domain Layer", "{828AB7CE-E0C1-42CD-8E59-D8107A2F75CB}"
EndProject
Project("{2150E333-8FDC-42A3-9474-1A3956D46DE8}") = "5 - Web", "5 - Web", "{7FC52A15-9C31-4AB7-9C7E-8E6FE7C5F365}"
EndProject
Project("{2150E333-8FDC-42A3-9474-1A3956D46DE8}") = "4 - Desktop", "4 - Desktop", "{10CC4C44-87F8-43E2-907E-3C4AF26BC51E}"
EndProject
Project("{2150E333-8FDC-42A3-9474-1A3956D46DE8}") = "3 - Api", "3 - Api", "{0D640BD8-BB62-4EFC-880F-62EABF6CFA07}"
EndProject
Project("{2150E333-8FDC-42A3-9474-1A3956D46DE8}") = "6 - Others", "6 - Others", "{13333288-9CAB-4045-B5B8-AC426CF8515D}"
EndProject
Project("{FAE04EC0-301F-11D3-BF4B-00C04F79EFBC}") = "O4ZI.WebClient", "O4ZI.WebClient\O4ZI.WebClient.csproj", "{82B1ADBC-186A-4443-9EA1-160F7763806C}"
EndProject
Project("{FAE04EC0-301F-11D3-BF4B-00C04F79EFBC}") = "O4ZI.WebClient.Tests", "O4ZI.WebClient.Tests\O4ZI.WebClient.Tests.csproj", "{B607C165-509D-4DE5-AF8C-2B306DA3CCFD}"
EndProject
Project("{2150E333-8FDC-42A3-9474-1A3956D46DE8}") = ".nuget", ".nuget", "{35F78173-969D-4744-ACD7-40D3E33A3861}"
	ProjectSection(SolutionItems) = preProject
		.nuget\NuGet.Config = .nuget\NuGet.Config
		.nuget\NuGet.exe = .nuget\NuGet.exe
		.nuget\NuGet.targets = .nuget\NuGet.targets
	EndProjectSection
EndProject
Project("{FAE04EC0-301F-11D3-BF4B-00C04F79EFBC}") = "O4ZI.Domain", "O4ZI.Domain\O4ZI.Domain.csproj", "{0E176BFA-9C7E-4ED9-BF61-C2885E9F66F3}"
EndProject
Project("{FAE04EC0-301F-11D3-BF4B-00C04F79EFBC}") = "O4ZI.Api", "O4ZI.Api\O4ZI.Api.csproj", "{21C54A29-0BD8-414F-92CC-70876D9C5B3F}"
EndProject
Project("{FAE04EC0-301F-11D3-BF4B-00C04F79EFBC}") = "O4ZI.AdminApplication", "O4ZI.AdminApplication\O4ZI.AdminApplication.csproj", "{C9A14894-54BC-4695-87CF-9E42D0F80933}"
EndProject
Global
	GlobalSection(SolutionConfigurationPlatforms) = preSolution
		Debug|Any CPU = Debug|Any CPU
		Release|Any CPU = Release|Any CPU
	EndGlobalSection
	GlobalSection(ProjectConfigurationPlatforms) = postSolution
		{7EC21729-08C3-4876-A2C8-D85FB219127E}.Debug|Any CPU.ActiveCfg = Debug|Any CPU
		{7EC21729-08C3-4876-A2C8-D85FB219127E}.Debug|Any CPU.Build.0 = Debug|Any CPU
		{7EC21729-08C3-4876-A2C8-D85FB219127E}.Release|Any CPU.ActiveCfg = Release|Any CPU
		{7EC21729-08C3-4876-A2C8-D85FB219127E}.Release|Any CPU.Build.0 = Release|Any CPU
		{82B1ADBC-186A-4443-9EA1-160F7763806C}.Debug|Any CPU.ActiveCfg = Debug|Any CPU
		{82B1ADBC-186A-4443-9EA1-160F7763806C}.Debug|Any CPU.Build.0 = Debug|Any CPU
		{82B1ADBC-186A-4443-9EA1-160F7763806C}.Release|Any CPU.ActiveCfg = Release|Any CPU
		{82B1ADBC-186A-4443-9EA1-160F7763806C}.Release|Any CPU.Build.0 = Release|Any CPU
		{B607C165-509D-4DE5-AF8C-2B306DA3CCFD}.Debug|Any CPU.ActiveCfg = Debug|Any CPU
		{B607C165-509D-4DE5-AF8C-2B306DA3CCFD}.Debug|Any CPU.Build.0 = Debug|Any CPU
		{B607C165-509D-4DE5-AF8C-2B306DA3CCFD}.Release|Any CPU.ActiveCfg = Release|Any CPU
		{B607C165-509D-4DE5-AF8C-2B306DA3CCFD}.Release|Any CPU.Build.0 = Release|Any CPU
		{0E176BFA-9C7E-4ED9-BF61-C2885E9F66F3}.Debug|Any CPU.ActiveCfg = Debug|Any CPU
		{0E176BFA-9C7E-4ED9-BF61-C2885E9F66F3}.Debug|Any CPU.Build.0 = Debug|Any CPU
		{0E176BFA-9C7E-4ED9-BF61-C2885E9F66F3}.Release|Any CPU.ActiveCfg = Release|Any CPU
		{0E176BFA-9C7E-4ED9-BF61-C2885E9F66F3}.Release|Any CPU.Build.0 = Release|Any CPU
		{21C54A29-0BD8-414F-92CC-70876D9C5B3F}.Debug|Any CPU.ActiveCfg = Debug|Any CPU
		{21C54A29-0BD8-414F-92CC-70876D9C5B3F}.Debug|Any CPU.Build.0 = Debug|Any CPU
		{21C54A29-0BD8-414F-92CC-70876D9C5B3F}.Release|Any CPU.ActiveCfg = Release|Any CPU
		{21C54A29-0BD8-414F-92CC-70876D9C5B3F}.Release|Any CPU.Build.0 = Release|Any CPU
		{C9A14894-54BC-4695-87CF-9E42D0F80933}.Debug|Any CPU.ActiveCfg = Debug|Any CPU
		{C9A14894-54BC-4695-87CF-9E42D0F80933}.Debug|Any CPU.Build.0 = Debug|Any CPU
		{C9A14894-54BC-4695-87CF-9E42D0F80933}.Release|Any CPU.ActiveCfg = Release|Any CPU
		{C9A14894-54BC-4695-87CF-9E42D0F80933}.Release|Any CPU.Build.0 = Release|Any CPU
	EndGlobalSection
	GlobalSection(SolutionProperties) = preSolution
		HideSolutionNode = FALSE
	EndGlobalSection
	GlobalSection(NestedProjects) = preSolution
		{7EC21729-08C3-4876-A2C8-D85FB219127E} = {ED1BE22D-A609-4FEE-BA38-D28F525D6929}
		{0E176BFA-9C7E-4ED9-BF61-C2885E9F66F3} = {828AB7CE-E0C1-42CD-8E59-D8107A2F75CB}
		{82B1ADBC-186A-4443-9EA1-160F7763806C} = {7FC52A15-9C31-4AB7-9C7E-8E6FE7C5F365}
		{B607C165-509D-4DE5-AF8C-2B306DA3CCFD} = {7FC52A15-9C31-4AB7-9C7E-8E6FE7C5F365}
		{C9A14894-54BC-4695-87CF-9E42D0F80933} = {10CC4C44-87F8-43E2-907E-3C4AF26BC51E}
		{21C54A29-0BD8-414F-92CC-70876D9C5B3F} = {0D640BD8-BB62-4EFC-880F-62EABF6CFA07}
	EndGlobalSection
EndGlobal
